// !$*UTF8*$!
{
	archiveVersion = 1;
	classes = {
	};
	objectVersion = 77;
	objects = {

/* Begin PBXBuildFile section */
		54C999772DEE7538005DC941 /* ContentView.swift in Sources */ = {isa = PBXBuildFile; fileRef = 54C999742DEE7538005DC941 /* ContentView.swift */; };
		54C999782DEE7538005DC941 /* WeatherForecastApp.swift in Sources */ = {isa = PBXBuildFile; fileRef = 54C999752DEE7538005DC941 /* WeatherForecastApp.swift */; };
		54C999792DEE7538005DC941 /* Assets.xcassets in Resources */ = {isa = PBXBuildFile; fileRef = 54C999732DEE7538005DC941 /* Assets.xcassets */; };
		54C9997E2DEE757A005DC941 /* APIResponseModel.swift in Sources */ = {isa = PBXBuildFile; fileRef = 54C9997D2DEE757A005DC941 /* APIResponseModel.swift */; };
		54C999882DEE77DD005DC941 /* APIManager.swift in Sources */ = {isa = PBXBuildFile; fileRef = 54C999872DEE77DD005DC941 /* APIManager.swift */; };
		54C999A42DEF167A005DC941 /* WeatherViewModel.swift in Sources */ = {isa = PBXBuildFile; fileRef = 54C999A32DEF167A005DC941 /* WeatherViewModel.swift */; };
		54C999A82DEF3CA9005DC941 /* APIKeys.swift in Sources */ = {isa = PBXBuildFile; fileRef = 54C999A72DEF3CA9005DC941 /* APIKeys.swift */; };
		54C999AA2DEF5297005DC941 /* CurrentWeatherView.swift in Sources */ = {isa = PBXBuildFile; fileRef = 54C999A92DEF5297005DC941 /* CurrentWeatherView.swift */; };
		54C999AC2DEF5324005DC941 /* DailyForecastView.swift in Sources */ = {isa = PBXBuildFile; fileRef = 54C999AB2DEF5324005DC941 /* DailyForecastView.swift */; };
		54C999AE2DEF53B9005DC941 /* HourlyForecastView.swift in Sources */ = {isa = PBXBuildFile; fileRef = 54C999AD2DEF53B9005DC941 /* HourlyForecastView.swift */; };
		54C999F32DEFDB3E005DC941 /* LocationManager.swift in Sources */ = {isa = PBXBuildFile; fileRef = 54C999F22DEFDB3E005DC941 /* LocationManager.swift */; };
		54C999F82DF09139005DC941 /* LocationModel.swift in Sources */ = {isa = PBXBuildFile; fileRef = 54C999F72DF09139005DC941 /* LocationModel.swift */; };
		54C999FA2DF09164005DC941 /* CurrentWeatherModel.swift in Sources */ = {isa = PBXBuildFile; fileRef = 54C999F92DF09164005DC941 /* CurrentWeatherModel.swift */; };
		54C999FD2DF091BA005DC941 /* ForecastModel.swift in Sources */ = {isa = PBXBuildFile; fileRef = 54C999FC2DF091BA005DC941 /* ForecastModel.swift */; };
		54C999FF2DF09206005DC941 /* ForecastDayModel.swift in Sources */ = {isa = PBXBuildFile; fileRef = 54C999FE2DF09206005DC941 /* ForecastDayModel.swift */; };
		54C99A012DF0921A005DC941 /* DayForecastModel.swift in Sources */ = {isa = PBXBuildFile; fileRef = 54C99A002DF0921A005DC941 /* DayForecastModel.swift */; };
		54C99A032DF09337005DC941 /* HourlyForecastModel.swift in Sources */ = {isa = PBXBuildFile; fileRef = 54C99A022DF09337005DC941 /* HourlyForecastModel.swift */; };
		54C99A392DF0C1F6005DC941 /* ConditionModel.swift in Sources */ = {isa = PBXBuildFile; fileRef = 54C99A382DF0C1F6005DC941 /* ConditionModel.swift */; };
		54C99A3C2DF0C3EE005DC941 /* CondtionModelExtension.swift in Sources */ = {isa = PBXBuildFile; fileRef = 54C99A3B2DF0C3EE005DC941 /* CondtionModelExtension.swift */; };
		54C99A3E2DF0CB0E005DC941 /* CustomSearchStringView.swift in Sources */ = {isa = PBXBuildFile; fileRef = 54C99A3D2DF0CB0E005DC941 /* CustomSearchStringView.swift */; };
		54D6C1E32DF135B50018AC84 /* FormattedSystemTimeExtension.swift in Sources */ = {isa = PBXBuildFile; fileRef = 54D6C1E22DF135B50018AC84 /* FormattedSystemTimeExtension.swift */; };
		54D6C1E52DF135DD0018AC84 /* FormattedDateExtension.swift in Sources */ = {isa = PBXBuildFile; fileRef = 54D6C1E42DF135DD0018AC84 /* FormattedDateExtension.swift */; };
/* End PBXBuildFile section */

/* Begin PBXFileReference section */
		54C999652DEE7530005DC941 /* WeatherForecast.app */ = {isa = PBXFileReference; explicitFileType = wrapper.application; includeInIndex = 0; path = WeatherForecast.app; sourceTree = BUILT_PRODUCTS_DIR; };
		54C999732DEE7538005DC941 /* Assets.xcassets */ = {isa = PBXFileReference; lastKnownFileType = folder.assetcatalog; path = Assets.xcassets; sourceTree = "<group>"; };
		54C999742DEE7538005DC941 /* ContentView.swift */ = {isa = PBXFileReference; lastKnownFileType = sourcecode.swift; path = ContentView.swift; sourceTree = "<group>"; };
		54C999752DEE7538005DC941 /* WeatherForecastApp.swift */ = {isa = PBXFileReference; lastKnownFileType = sourcecode.swift; path = WeatherForecastApp.swift; sourceTree = "<group>"; };
		54C9997D2DEE757A005DC941 /* APIResponseModel.swift */ = {isa = PBXFileReference; lastKnownFileType = sourcecode.swift; path = APIResponseModel.swift; sourceTree = "<group>"; };
		54C999832DEE7630005DC941 /* Config.xcconfig */ = {isa = PBXFileReference; lastKnownFileType = text.xcconfig; path = Config.xcconfig; sourceTree = "<group>"; };
		54C999842DEE7661005DC941 /* Config-Template.xcconfig */ = {isa = PBXFileReference; lastKnownFileType = text.xcconfig; path = "Config-Template.xcconfig"; sourceTree = "<group>"; };
		54C999852DEE770A005DC941 /* Info.plist */ = {isa = PBXFileReference; lastKnownFileType = text.plist.xml; path = Info.plist; sourceTree = "<group>"; };
		54C999872DEE77DD005DC941 /* APIManager.swift */ = {isa = PBXFileReference; lastKnownFileType = sourcecode.swift; path = APIManager.swift; sourceTree = "<group>"; };
		54C999A32DEF167A005DC941 /* WeatherViewModel.swift */ = {isa = PBXFileReference; lastKnownFileType = sourcecode.swift; path = WeatherViewModel.swift; sourceTree = "<group>"; };
		54C999A72DEF3CA9005DC941 /* APIKeys.swift */ = {isa = PBXFileReference; lastKnownFileType = sourcecode.swift; path = APIKeys.swift; sourceTree = "<group>"; };
		54C999A92DEF5297005DC941 /* CurrentWeatherView.swift */ = {isa = PBXFileReference; lastKnownFileType = sourcecode.swift; path = CurrentWeatherView.swift; sourceTree = "<group>"; };
		54C999AB2DEF5324005DC941 /* DailyForecastView.swift */ = {isa = PBXFileReference; lastKnownFileType = sourcecode.swift; path = DailyForecastView.swift; sourceTree = "<group>"; };
		54C999AD2DEF53B9005DC941 /* HourlyForecastView.swift */ = {isa = PBXFileReference; lastKnownFileType = sourcecode.swift; path = HourlyForecastView.swift; sourceTree = "<group>"; };
		54C999F22DEFDB3E005DC941 /* LocationManager.swift */ = {isa = PBXFileReference; lastKnownFileType = sourcecode.swift; path = LocationManager.swift; sourceTree = "<group>"; };
		54C999F72DF09139005DC941 /* LocationModel.swift */ = {isa = PBXFileReference; lastKnownFileType = sourcecode.swift; path = LocationModel.swift; sourceTree = "<group>"; };
		54C999F92DF09164005DC941 /* CurrentWeatherModel.swift */ = {isa = PBXFileReference; lastKnownFileType = sourcecode.swift; path = CurrentWeatherModel.swift; sourceTree = "<group>"; };
		54C999FC2DF091BA005DC941 /* ForecastModel.swift */ = {isa = PBXFileReference; lastKnownFileType = sourcecode.swift; path = ForecastModel.swift; sourceTree = "<group>"; };
		54C999FE2DF09206005DC941 /* ForecastDayModel.swift */ = {isa = PBXFileReference; lastKnownFileType = sourcecode.swift; path = ForecastDayModel.swift; sourceTree = "<group>"; };
		54C99A002DF0921A005DC941 /* DayForecastModel.swift */ = {isa = PBXFileReference; lastKnownFileType = sourcecode.swift; path = DayForecastModel.swift; sourceTree = "<group>"; };
		54C99A022DF09337005DC941 /* HourlyForecastModel.swift */ = {isa = PBXFileReference; lastKnownFileType = sourcecode.swift; path = HourlyForecastModel.swift; sourceTree = "<group>"; };
		54C99A382DF0C1F6005DC941 /* ConditionModel.swift */ = {isa = PBXFileReference; lastKnownFileType = sourcecode.swift; path = ConditionModel.swift; sourceTree = "<group>"; };
		54C99A3B2DF0C3EE005DC941 /* CondtionModelExtension.swift */ = {isa = PBXFileReference; lastKnownFileType = sourcecode.swift; path = CondtionModelExtension.swift; sourceTree = "<group>"; };
		54C99A3D2DF0CB0E005DC941 /* CustomSearchStringView.swift */ = {isa = PBXFileReference; lastKnownFileType = sourcecode.swift; path = CustomSearchStringView.swift; sourceTree = "<group>"; };
		54D6C1E22DF135B50018AC84 /* FormattedSystemTimeExtension.swift */ = {isa = PBXFileReference; lastKnownFileType = sourcecode.swift; path = FormattedSystemTimeExtension.swift; sourceTree = "<group>"; };
		54D6C1E42DF135DD0018AC84 /* FormattedDateExtension.swift */ = {isa = PBXFileReference; lastKnownFileType = sourcecode.swift; path = FormattedDateExtension.swift; sourceTree = "<group>"; };
/* End PBXFileReference section */

/* Begin PBXFrameworksBuildPhase section */
		54C999622DEE7530005DC941 /* Frameworks */ = {
			isa = PBXFrameworksBuildPhase;
			buildActionMask = 2147483647;
			files = (
			);
			runOnlyForDeploymentPostprocessing = 0;
		};
/* End PBXFrameworksBuildPhase section */

/* Begin PBXGroup section */
		54C9995C2DEE7530005DC941 = {
			isa = PBXGroup;
			children = (
				54C999842DEE7661005DC941 /* Config-Template.xcconfig */,
				54C999832DEE7630005DC941 /* Config.xcconfig */,
				54C999762DEE7538005DC941 /* WeatherForecast */,
				54C999662DEE7530005DC941 /* Products */,
			);
			sourceTree = "<group>";
		};
		54C999662DEE7530005DC941 /* Products */ = {
			isa = PBXGroup;
			children = (
				54C999652DEE7530005DC941 /* WeatherForecast.app */,
			);
			name = Products;
			sourceTree = "<group>";
		};
		54C999762DEE7538005DC941 /* WeatherForecast */ = {
			isa = PBXGroup;
			children = (
				54C999862DEE77B7005DC941 /* App */,
				54C9997C2DEE754C005DC941 /* Models */,
				54C9997B2DEE7548005DC941 /* View */,
				54C9997A2DEE753D005DC941 /* ViewModels */,
				54C999A52DEF3AA7005DC941 /* Services */,
				54C999A62DEF3C87005DC941 /* Utilities */,
				54C999732DEE7538005DC941 /* Assets.xcassets */,
				54C999852DEE770A005DC941 /* Info.plist */,
			);
			path = WeatherForecast;
			sourceTree = "<group>";
		};
		54C9997A2DEE753D005DC941 /* ViewModels */ = {
			isa = PBXGroup;
			children = (
				54C999A32DEF167A005DC941 /* WeatherViewModel.swift */,
			);
			path = ViewModels;
			sourceTree = "<group>";
		};
		54C9997B2DEE7548005DC941 /* View */ = {
			isa = PBXGroup;
			children = (
				54C999F52DF08F34005DC941 /* Screens */,
				54C999F42DF08F26005DC941 /* Components */,
			);
			path = View;
			sourceTree = "<group>";
		};
		54C9997C2DEE754C005DC941 /* Models */ = {
			isa = PBXGroup;
			children = (
				54C999F62DF0911A005DC941 /* API */,
			);
			path = Models;
			sourceTree = "<group>";
		};
		54C999862DEE77B7005DC941 /* App */ = {
			isa = PBXGroup;
			children = (
				54C999752DEE7538005DC941 /* WeatherForecastApp.swift */,
			);
			path = App;
			sourceTree = "<group>";
		};
		54C999A52DEF3AA7005DC941 /* Services */ = {
			isa = PBXGroup;
			children = (
				54C999872DEE77DD005DC941 /* APIManager.swift */,
				54C999F22DEFDB3E005DC941 /* LocationManager.swift */,
			);
			path = Services;
			sourceTree = "<group>";
		};
		54C999A62DEF3C87005DC941 /* Utilities */ = {
			isa = PBXGroup;
			children = (
				54C99A3A2DF0C3CD005DC941 /* Extensions */,
				54C999A72DEF3CA9005DC941 /* APIKeys.swift */,
			);
			path = Utilities;
			sourceTree = "<group>";
		};
		54C999F42DF08F26005DC941 /* Components */ = {
			isa = PBXGroup;
			children = (
				54C999A92DEF5297005DC941 /* CurrentWeatherView.swift */,
				54C999AB2DEF5324005DC941 /* DailyForecastView.swift */,
				54C999AD2DEF53B9005DC941 /* HourlyForecastView.swift */,
				54C99A3D2DF0CB0E005DC941 /* CustomSearchStringView.swift */,
			);
			path = Components;
			sourceTree = "<group>";
		};
		54C999F52DF08F34005DC941 /* Screens */ = {
			isa = PBXGroup;
			children = (
				54C999742DEE7538005DC941 /* ContentView.swift */,
			);
			path = Screens;
			sourceTree = "<group>";
		};
		54C999F62DF0911A005DC941 /* API */ = {
			isa = PBXGroup;
			children = (
				54C9997D2DEE757A005DC941 /* APIResponseModel.swift */,
				54C999F72DF09139005DC941 /* LocationModel.swift */,
				54C999F92DF09164005DC941 /* CurrentWeatherModel.swift */,
				54C999FB2DF0918F005DC941 /* Forecast */,
				54C99A382DF0C1F6005DC941 /* ConditionModel.swift */,
			);
			path = API;
			sourceTree = "<group>";
		};
		54C999FB2DF0918F005DC941 /* Forecast */ = {
			isa = PBXGroup;
			children = (
				54C999FC2DF091BA005DC941 /* ForecastModel.swift */,
				54C999FE2DF09206005DC941 /* ForecastDayModel.swift */,
				54C99A002DF0921A005DC941 /* DayForecastModel.swift */,
				54C99A022DF09337005DC941 /* HourlyForecastModel.swift */,
			);
			path = Forecast;
			sourceTree = "<group>";
		};
		54C99A3A2DF0C3CD005DC941 /* Extensions */ = {
			isa = PBXGroup;
			children = (
				54C99A3B2DF0C3EE005DC941 /* CondtionModelExtension.swift */,
				54D6C1E22DF135B50018AC84 /* FormattedSystemTimeExtension.swift */,
				54D6C1E42DF135DD0018AC84 /* FormattedDateExtension.swift */,
			);
			path = Extensions;
			sourceTree = "<group>";
		};
/* End PBXGroup section */

/* Begin PBXNativeTarget section */
		54C999642DEE7530005DC941 /* WeatherForecast */ = {
			isa = PBXNativeTarget;
			buildConfigurationList = 54C999702DEE7532005DC941 /* Build configuration list for PBXNativeTarget "WeatherForecast" */;
			buildPhases = (
				54C999612DEE7530005DC941 /* Sources */,
				54C999622DEE7530005DC941 /* Frameworks */,
				54C999632DEE7530005DC941 /* Resources */,
			);
			buildRules = (
			);
			dependencies = (
			);
			name = WeatherForecast;
			packageProductDependencies = (
			);
			productName = WeatherForecast;
			productReference = 54C999652DEE7530005DC941 /* WeatherForecast.app */;
			productType = "com.apple.product-type.application";
		};
/* End PBXNativeTarget section */

/* Begin PBXProject section */
		54C9995D2DEE7530005DC941 /* Project object */ = {
			isa = PBXProject;
			attributes = {
				BuildIndependentTargetsInParallel = 1;
				LastSwiftUpdateCheck = 1630;
				LastUpgradeCheck = 1630;
				TargetAttributes = {
					54C999642DEE7530005DC941 = {
						CreatedOnToolsVersion = 16.3;
					};
				};
			};
			buildConfigurationList = 54C999602DEE7530005DC941 /* Build configuration list for PBXProject "WeatherForecast" */;
			developmentRegion = en;
			hasScannedForEncodings = 0;
			knownRegions = (
				en,
				Base,
			);
			mainGroup = 54C9995C2DEE7530005DC941;
			minimizedProjectReferenceProxies = 1;
			preferredProjectObjectVersion = 77;
			productRefGroup = 54C999662DEE7530005DC941 /* Products */;
			projectDirPath = "";
			projectRoot = "";
			targets = (
				54C999642DEE7530005DC941 /* WeatherForecast */,
			);
		};
/* End PBXProject section */

/* Begin PBXResourcesBuildPhase section */
		54C999632DEE7530005DC941 /* Resources */ = {
			isa = PBXResourcesBuildPhase;
			buildActionMask = 2147483647;
			files = (
				54C999792DEE7538005DC941 /* Assets.xcassets in Resources */,
			);
			runOnlyForDeploymentPostprocessing = 0;
		};
/* End PBXResourcesBuildPhase section */

/* Begin PBXSourcesBuildPhase section */
		54C999612DEE7530005DC941 /* Sources */ = {
			isa = PBXSourcesBuildPhase;
			buildActionMask = 2147483647;
			files = (
				54C999882DEE77DD005DC941 /* APIManager.swift in Sources */,
				54C99A3C2DF0C3EE005DC941 /* CondtionModelExtension.swift in Sources */,
				54D6C1E52DF135DD0018AC84 /* FormattedDateExtension.swift in Sources */,
				54C999FD2DF091BA005DC941 /* ForecastModel.swift in Sources */,
				54C999A82DEF3CA9005DC941 /* APIKeys.swift in Sources */,
				54C999F82DF09139005DC941 /* LocationModel.swift in Sources */,
				54C999F32DEFDB3E005DC941 /* LocationManager.swift in Sources */,
				54C999772DEE7538005DC941 /* ContentView.swift in Sources */,
				54C99A392DF0C1F6005DC941 /* ConditionModel.swift in Sources */,
				54C99A012DF0921A005DC941 /* DayForecastModel.swift in Sources */,
				54C999A42DEF167A005DC941 /* WeatherViewModel.swift in Sources */,
				54C999AA2DEF5297005DC941 /* CurrentWeatherView.swift in Sources */,
				54C99A3E2DF0CB0E005DC941 /* CustomSearchStringView.swift in Sources */,
				54D6C1E32DF135B50018AC84 /* FormattedSystemTimeExtension.swift in Sources */,
				54C9997E2DEE757A005DC941 /* APIResponseModel.swift in Sources */,
				54C999FF2DF09206005DC941 /* ForecastDayModel.swift in Sources */,
				54C999FA2DF09164005DC941 /* CurrentWeatherModel.swift in Sources */,
				54C999782DEE7538005DC941 /* WeatherForecastApp.swift in Sources */,
				54C999AC2DEF5324005DC941 /* DailyForecastView.swift in Sources */,
				54C999AE2DEF53B9005DC941 /* HourlyForecastView.swift in Sources */,
				54C99A032DF09337005DC941 /* HourlyForecastModel.swift in Sources */,
			);
			runOnlyForDeploymentPostprocessing = 0;
		};
/* End PBXSourcesBuildPhase section */

/* Begin XCBuildConfiguration section */
		54C9996E2DEE7532005DC941 /* Debug */ = {
			isa = XCBuildConfiguration;
			baseConfigurationReference = 54C999832DEE7630005DC941 /* Config.xcconfig */;
			buildSettings = {
				ALWAYS_SEARCH_USER_PATHS = NO;
				ASSETCATALOG_COMPILER_GENERATE_SWIFT_ASSET_SYMBOL_EXTENSIONS = YES;
				CLANG_ANALYZER_NONNULL = YES;
				CLANG_ANALYZER_NUMBER_OBJECT_CONVERSION = YES_AGGRESSIVE;
				CLANG_CXX_LANGUAGE_STANDARD = "gnu++20";
				CLANG_ENABLE_MODULES = YES;
				CLANG_ENABLE_OBJC_ARC = YES;
				CLANG_ENABLE_OBJC_WEAK = YES;
				CLANG_WARN_BLOCK_CAPTURE_AUTORELEASING = YES;
				CLANG_WARN_BOOL_CONVERSION = YES;
				CLANG_WARN_COMMA = YES;
				CLANG_WARN_CONSTANT_CONVERSION = YES;
				CLANG_WARN_DEPRECATED_OBJC_IMPLEMENTATIONS = YES;
				CLANG_WARN_DIRECT_OBJC_ISA_USAGE = YES_ERROR;
				CLANG_WARN_DOCUMENTATION_COMMENTS = YES;
				CLANG_WARN_EMPTY_BODY = YES;
				CLANG_WARN_ENUM_CONVERSION = YES;
				CLANG_WARN_INFINITE_RECURSION = YES;
				CLANG_WARN_INT_CONVERSION = YES;
				CLANG_WARN_NON_LITERAL_NULL_CONVERSION = YES;
				CLANG_WARN_OBJC_IMPLICIT_RETAIN_SELF = YES;
				CLANG_WARN_OBJC_LITERAL_CONVERSION = YES;
				CLANG_WARN_OBJC_ROOT_CLASS = YES_ERROR;
				CLANG_WARN_QUOTED_INCLUDE_IN_FRAMEWORK_HEADER = YES;
				CLANG_WARN_RANGE_LOOP_ANALYSIS = YES;
				CLANG_WARN_STRICT_PROTOTYPES = YES;
				CLANG_WARN_SUSPICIOUS_MOVE = YES;
				CLANG_WARN_UNGUARDED_AVAILABILITY = YES_AGGRESSIVE;
				CLANG_WARN_UNREACHABLE_CODE = YES;
				CLANG_WARN__DUPLICATE_METHOD_MATCH = YES;
				COPY_PHASE_STRIP = NO;
				DEBUG_INFORMATION_FORMAT = dwarf;
				DEVELOPMENT_TEAM = GZ4X4B65P8;
				ENABLE_STRICT_OBJC_MSGSEND = YES;
				ENABLE_TESTABILITY = YES;
				ENABLE_USER_SCRIPT_SANDBOXING = YES;
				GCC_C_LANGUAGE_STANDARD = gnu17;
				GCC_DYNAMIC_NO_PIC = NO;
				GCC_NO_COMMON_BLOCKS = YES;
				GCC_OPTIMIZATION_LEVEL = 0;
				GCC_PREPROCESSOR_DEFINITIONS = (
					"DEBUG=1",
					"$(inherited)",
				);
				GCC_WARN_64_TO_32_BIT_CONVERSION = YES;
				GCC_WARN_ABOUT_RETURN_TYPE = YES_ERROR;
				GCC_WARN_UNDECLARED_SELECTOR = YES;
				GCC_WARN_UNINITIALIZED_AUTOS = YES_AGGRESSIVE;
				GCC_WARN_UNUSED_FUNCTION = YES;
				GCC_WARN_UNUSED_VARIABLE = YES;
				IPHONEOS_DEPLOYMENT_TARGET = 18.4;
				LOCALIZATION_PREFERS_STRING_CATALOGS = YES;
				MTL_ENABLE_DEBUG_INFO = INCLUDE_SOURCE;
				MTL_FAST_MATH = YES;
				ONLY_ACTIVE_ARCH = YES;
				SDKROOT = iphoneos;
				SWIFT_ACTIVE_COMPILATION_CONDITIONS = "DEBUG $(inherited)";
				SWIFT_OPTIMIZATION_LEVEL = "-Onone";
			};
			name = Debug;
		};
		54C9996F2DEE7532005DC941 /* Release */ = {
			isa = XCBuildConfiguration;
			buildSettings = {
				ALWAYS_SEARCH_USER_PATHS = NO;
				ASSETCATALOG_COMPILER_GENERATE_SWIFT_ASSET_SYMBOL_EXTENSIONS = YES;
				CLANG_ANALYZER_NONNULL = YES;
				CLANG_ANALYZER_NUMBER_OBJECT_CONVERSION = YES_AGGRESSIVE;
				CLANG_CXX_LANGUAGE_STANDARD = "gnu++20";
				CLANG_ENABLE_MODULES = YES;
				CLANG_ENABLE_OBJC_ARC = YES;
				CLANG_ENABLE_OBJC_WEAK = YES;
				CLANG_WARN_BLOCK_CAPTURE_AUTORELEASING = YES;
				CLANG_WARN_BOOL_CONVERSION = YES;
				CLANG_WARN_COMMA = YES;
				CLANG_WARN_CONSTANT_CONVERSION = YES;
				CLANG_WARN_DEPRECATED_OBJC_IMPLEMENTATIONS = YES;
				CLANG_WARN_DIRECT_OBJC_ISA_USAGE = YES_ERROR;
				CLANG_WARN_DOCUMENTATION_COMMENTS = YES;
				CLANG_WARN_EMPTY_BODY = YES;
				CLANG_WARN_ENUM_CONVERSION = YES;
				CLANG_WARN_INFINITE_RECURSION = YES;
				CLANG_WARN_INT_CONVERSION = YES;
				CLANG_WARN_NON_LITERAL_NULL_CONVERSION = YES;
				CLANG_WARN_OBJC_IMPLICIT_RETAIN_SELF = YES;
				CLANG_WARN_OBJC_LITERAL_CONVERSION = YES;
				CLANG_WARN_OBJC_ROOT_CLASS = YES_ERROR;
				CLANG_WARN_QUOTED_INCLUDE_IN_FRAMEWORK_HEADER = YES;
				CLANG_WARN_RANGE_LOOP_ANALYSIS = YES;
				CLANG_WARN_STRICT_PROTOTYPES = YES;
				CLANG_WARN_SUSPICIOUS_MOVE = YES;
				CLANG_WARN_UNGUARDED_AVAILABILITY = YES_AGGRESSIVE;
				CLANG_WARN_UNREACHABLE_CODE = YES;
				CLANG_WARN__DUPLICATE_METHOD_MATCH = YES;
				COPY_PHASE_STRIP = NO;
				DEBUG_INFORMATION_FORMAT = "dwarf-with-dsym";
				DEVELOPMENT_TEAM = GZ4X4B65P8;
				ENABLE_NS_ASSERTIONS = NO;
				ENABLE_STRICT_OBJC_MSGSEND = YES;
				ENABLE_USER_SCRIPT_SANDBOXING = YES;
				GCC_C_LANGUAGE_STANDARD = gnu17;
				GCC_NO_COMMON_BLOCKS = YES;
				GCC_WARN_64_TO_32_BIT_CONVERSION = YES;
				GCC_WARN_ABOUT_RETURN_TYPE = YES_ERROR;
				GCC_WARN_UNDECLARED_SELECTOR = YES;
				GCC_WARN_UNINITIALIZED_AUTOS = YES_AGGRESSIVE;
				GCC_WARN_UNUSED_FUNCTION = YES;
				GCC_WARN_UNUSED_VARIABLE = YES;
				IPHONEOS_DEPLOYMENT_TARGET = 18.4;
				LOCALIZATION_PREFERS_STRING_CATALOGS = YES;
				MTL_ENABLE_DEBUG_INFO = NO;
				MTL_FAST_MATH = YES;
				SDKROOT = iphoneos;
				SWIFT_COMPILATION_MODE = wholemodule;
				VALIDATE_PRODUCT = YES;
			};
			name = Release;
		};
		54C999712DEE7532005DC941 /* Debug */ = {
			isa = XCBuildConfiguration;
			buildSettings = {
				ASSETCATALOG_COMPILER_APPICON_NAME = AppIcon;
				ASSETCATALOG_COMPILER_GLOBAL_ACCENT_COLOR_NAME = AccentColor;
				CODE_SIGN_STYLE = Automatic;
				CURRENT_PROJECT_VERSION = 1;
				DEVELOPMENT_TEAM = GZ4X4B65P8;
				ENABLE_PREVIEWS = YES;
				GENERATE_INFOPLIST_FILE = YES;
				INFOPLIST_FILE = WeatherForecast/Info.plist;
				INFOPLIST_KEY_NSLocationAlwaysUsageDescription = "Приложению требуется доступ к вашему местоположению для показа погоды";
				INFOPLIST_KEY_NSLocationWhenInUseUsageDescription = "Приложению требуется доступ к вашему местоположению для показа погоды";
				INFOPLIST_KEY_UIApplicationSceneManifest_Generation = YES;
				INFOPLIST_KEY_UIApplicationSupportsIndirectInputEvents = YES;
				INFOPLIST_KEY_UILaunchScreen_Generation = YES;
				INFOPLIST_KEY_UISupportedInterfaceOrientations_iPad = "UIInterfaceOrientationPortrait UIInterfaceOrientationPortraitUpsideDown UIInterfaceOrientationLandscapeLeft UIInterfaceOrientationLandscapeRight";
				INFOPLIST_KEY_UISupportedInterfaceOrientations_iPhone = "UIInterfaceOrientationPortrait UIInterfaceOrientationLandscapeLeft UIInterfaceOrientationLandscapeRight";
				IPHONEOS_DEPLOYMENT_TARGET = 15.0;
				LD_RUNPATH_SEARCH_PATHS = (
					"$(inherited)",
					"@executable_path/Frameworks",
				);
				MARKETING_VERSION = 1.0;
				PRODUCT_BUNDLE_IDENTIFIER = SlavicINC.WeatherForecast;
				PRODUCT_NAME = "$(TARGET_NAME)";
				SWIFT_EMIT_LOC_STRINGS = YES;
				SWIFT_VERSION = 5.0;
				TARGETED_DEVICE_FAMILY = "1,2";
			};
			name = Debug;
		};
		54C999722DEE7532005DC941 /* Release */ = {
			isa = XCBuildConfiguration;
			buildSettings = {
				ASSETCATALOG_COMPILER_APPICON_NAME = AppIcon;
				ASSETCATALOG_COMPILER_GLOBAL_ACCENT_COLOR_NAME = AccentColor;
				CODE_SIGN_STYLE = Automatic;
				CURRENT_PROJECT_VERSION = 1;
				DEVELOPMENT_TEAM = GZ4X4B65P8;
				ENABLE_PREVIEWS = YES;
				GENERATE_INFOPLIST_FILE = YES;
				INFOPLIST_FILE = WeatherForecast/Info.plist;
				INFOPLIST_KEY_NSLocationAlwaysUsageDescription = "Приложению требуется доступ к вашему местоположению для показа погоды";
				INFOPLIST_KEY_NSLocationWhenInUseUsageDescription = "Приложению требуется доступ к вашему местоположению для показа погоды";
				INFOPLIST_KEY_UIApplicationSceneManifest_Generation = YES;
				INFOPLIST_KEY_UIApplicationSupportsIndirectInputEvents = YES;
				INFOPLIST_KEY_UILaunchScreen_Generation = YES;
				INFOPLIST_KEY_UISupportedInterfaceOrientations_iPad = "UIInterfaceOrientationPortrait UIInterfaceOrientationPortraitUpsideDown UIInterfaceOrientationLandscapeLeft UIInterfaceOrientationLandscapeRight";
				INFOPLIST_KEY_UISupportedInterfaceOrientations_iPhone = "UIInterfaceOrientationPortrait UIInterfaceOrientationLandscapeLeft UIInterfaceOrientationLandscapeRight";
				IPHONEOS_DEPLOYMENT_TARGET = 15.0;
				LD_RUNPATH_SEARCH_PATHS = (
					"$(inherited)",
					"@executable_path/Frameworks",
				);
				MARKETING_VERSION = 1.0;
				PRODUCT_BUNDLE_IDENTIFIER = SlavicINC.WeatherForecast;
				PRODUCT_NAME = "$(TARGET_NAME)";
				SWIFT_EMIT_LOC_STRINGS = YES;
				SWIFT_VERSION = 5.0;
				TARGETED_DEVICE_FAMILY = "1,2";
			};
			name = Release;
		};
/* End XCBuildConfiguration section */

/* Begin XCConfigurationList section */
		54C999602DEE7530005DC941 /* Build configuration list for PBXProject "WeatherForecast" */ = {
			isa = XCConfigurationList;
			buildConfigurations = (
				54C9996E2DEE7532005DC941 /* Debug */,
				54C9996F2DEE7532005DC941 /* Release */,
			);
			defaultConfigurationIsVisible = 0;
			defaultConfigurationName = Release;
		};
		54C999702DEE7532005DC941 /* Build configuration list for PBXNativeTarget "WeatherForecast" */ = {
			isa = XCConfigurationList;
			buildConfigurations = (
				54C999712DEE7532005DC941 /* Debug */,
				54C999722DEE7532005DC941 /* Release */,
			);
			defaultConfigurationIsVisible = 0;
			defaultConfigurationName = Release;
		};
/* End XCConfigurationList section */
	};
	rootObject = 54C9995D2DEE7530005DC941 /* Project object */;
}
